<?xml version="1.0" encoding="utf-8"?>
<Project ToolsVersion="4.0" xmlns="http://schemas.microsoft.com/developer/msbuild/2003">
  <ItemGroup>
    <Filter Include="filesystem">
      <UniqueIdentifier>{76212ca6-8198-4219-b5e5-785427cc6ffc}</UniqueIdentifier>
    </Filter>
    <Filter Include="smart_ptr">
      <UniqueIdentifier>{2c28451d-0d9d-48f7-8684-d2bd6fdd14ee}</UniqueIdentifier>
    </Filter>
    <Filter Include="system">
      <UniqueIdentifier>{bca65a7d-7684-4811-9544-791adff8de0e}</UniqueIdentifier>
    </Filter>
  </ItemGroup>
  <ItemGroup>
    <ClCompile Include="..\..\..\src\lib\boost\libs\filesystem\src\codecvt_error_category.cpp">
      <Filter>filesystem</Filter>
    </ClCompile>
    <ClCompile Include="..\..\..\src\lib\boost\libs\filesystem\src\operations.cpp">
      <Filter>filesystem</Filter>
    </ClCompile>
    <ClCompile Include="..\..\..\src\lib\boost\libs\filesystem\src\path.cpp">
      <Filter>filesystem</Filter>
    </ClCompile>
    <ClCompile Include="..\..\..\src\lib\boost\libs\filesystem\src\path_traits.cpp">
      <Filter>filesystem</Filter>
    </ClCompile>
    <ClCompile Include="..\..\..\src\lib\boost\libs\filesystem\src\portability.cpp">
      <Filter>filesystem</Filter>
    </ClCompile>
    <ClCompile Include="..\..\..\src\lib\boost\libs\filesystem\src\unique_path.cpp">
      <Filter>filesystem</Filter>
    </ClCompile>
    <ClCompile Include="..\..\..\src\lib\boost\libs\filesystem\src\utf8_codecvt_facet.cpp">
      <Filter>filesystem</Filter>
    </ClCompile>
    <ClCompile Include="..\..\..\src\lib\boost\libs\filesystem\src\windows_file_codecvt.cpp">
      <Filter>filesystem</Filter>
    </ClCompile>
    <ClCompile Include="..\..\..\src\lib\boost\libs\system\src\error_code.cpp">
      <Filter>system</Filter>
    </ClCompile>
    <ClCompile Include="..\..\..\src\lib\boost\libs\smart_ptr\src\sp_collector.cpp">
      <Filter>smart_ptr</Filter>
    </ClCompile>
    <ClCompile Include="..\..\..\src\lib\boost\libs\smart_ptr\src\sp_debug_hooks.cpp">
      <Filter>smart_ptr</Filter>
    </ClCompile>
  </ItemGroup>
  <ItemGroup>
    <ClInclude Include="..\..\..\src\lib\boost\libs\filesystem\src\windows_file_codecvt.hpp">
      <Filter>filesystem</Filter>
    </ClInclude>
    <ClInclude Include="..\..\..\src\lib\boost\libs\system\src\local_free_on_destruction.hpp">
      <Filter>system</Filter>
    </ClInclude>
  </ItemGroup>
</Project>